
Microsoft Visual Studio Solution File, Format Version 12.00
# Visual Studio Version 17
VisualStudioVersion = 17.3.32922.545
MinimumVisualStudioVersion = 10.0.40219.1
Project("{9A19103F-16F7-4668-BE54-9A1E7A4F7556}") = "Service.Core", "Knx.AppCertification.Service.Core\Service.Core.csproj", "{0D0DECD3-F0F0-4C41-A0E6-CF32955D6E2D}"
EndProject
Project("{9A19103F-16F7-4668-BE54-9A1E7A4F7556}") = "Service", "Knx.AppCertification.Service\Service.csproj", "{16A711F7-2FBD-4BC0-AA2C-312297CFB67E}"
EndProject
Project("{FAE04EC0-301F-11D3-BF4B-00C04F79EFBC}") = "Service.Common", "..\Service.Common\Service.Common.csproj", "{528F04C2-B305-48F6-A0D9-FA8731339482}"
EndProject
Global
	GlobalSection(SolutionConfigurationPlatforms) = preSolution
		Debug|Any CPU = Debug|Any CPU
		Release|Any CPU = Release|Any CPU
	EndGlobalSection
	GlobalSection(ProjectConfigurationPlatforms) = postSolution
		{0D0DECD3-F0F0-4C41-A0E6-CF32955D6E2D}.Debug|Any CPU.ActiveCfg = Debug|Any CPU
		{0D0DECD3-F0F0-4C41-A0E6-CF32955D6E2D}.Debug|Any CPU.Build.0 = Debug|Any CPU
		{0D0DECD3-F0F0-4C41-A0E6-CF32955D6E2D}.Release|Any CPU.ActiveCfg = Release|Any CPU
		{0D0DECD3-F0F0-4C41-A0E6-CF32955D6E2D}.Release|Any CPU.Build.0 = Release|Any CPU
		{16A711F7-2FBD-4BC0-AA2C-312297CFB67E}.Debug|Any CPU.ActiveCfg = Debug|Any CPU
		{16A711F7-2FBD-4BC0-AA2C-312297CFB67E}.Debug|Any CPU.Build.0 = Debug|Any CPU
		{16A711F7-2FBD-4BC0-AA2C-312297CFB67E}.Release|Any CPU.ActiveCfg = Release|Any CPU
		{16A711F7-2FBD-4BC0-AA2C-312297CFB67E}.Release|Any CPU.Build.0 = Release|Any CPU
		{528F04C2-B305-48F6-A0D9-FA8731339482}.Debug|Any CPU.ActiveCfg = Debug|Any CPU
		{528F04C2-B305-48F6-A0D9-FA8731339482}.Debug|Any CPU.Build.0 = Debug|Any CPU
		{528F04C2-B305-48F6-A0D9-FA8731339482}.Release|Any CPU.ActiveCfg = Release|Any CPU
		{528F04C2-B305-48F6-A0D9-FA8731339482}.Release|Any CPU.Build.0 = Release|Any CPU
	EndGlobalSection
	GlobalSection(SolutionProperties) = preSolution
		HideSolutionNode = FALSE
	EndGlobalSection
	GlobalSection(ExtensibilityGlobals) = postSolution
		SolutionGuid = {8BB96771-AB43-4896-BD27-87CB7D7E42B5}
	EndGlobalSection
EndGlobal
